
Microsoft Visual Studio Solution File, Format Version 12.00
# Visual Studio Version 17
VisualStudioVersion = 17.8.34525.116
MinimumVisualStudioVersion = 10.0.40219.1
Project("{9A19103F-16F7-4668-BE54-9A1E7A4F7556}") = "EJERCICIO 13.04", "EJERCICIOS_C#\EJERCICIO 13.04.csproj", "{C2C8930F-97AF-4AB2-9D44-A1063BF0EA0F}"
EndProject
Global
	GlobalSection(SolutionConfigurationPlatforms) = preSolution
		Debug|Any CPU = Debug|Any CPU
		Release|Any CPU = Release|Any CPU
	EndGlobalSection
	GlobalSection(ProjectConfigurationPlatforms) = postSolution
		{C2C8930F-97AF-4AB2-9D44-A1063BF0EA0F}.Debug|Any CPU.ActiveCfg = Debug|Any CPU
		{C2C8930F-97AF-4AB2-9D44-A1063BF0EA0F}.Debug|Any CPU.Build.0 = Debug|Any CPU
		{C2C8930F-97AF-4AB2-9D44-A1063BF0EA0F}.Release|Any CPU.ActiveCfg = Release|Any CPU
		{C2C8930F-97AF-4AB2-9D44-A1063BF0EA0F}.Release|Any CPU.Build.0 = Release|Any CPU
	EndGlobalSection
	GlobalSection(SolutionProperties) = preSolution
		HideSolutionNode = FALSE
	EndGlobalSection
	GlobalSection(ExtensibilityGlobals) = postSolution
		SolutionGuid = {ABACDB45-FF0D-44E0-A9F6-47C751E7AFE3}
	EndGlobalSection
EndGlobal
